
Microsoft Visual Studio Solution File, Format Version 12.00
# Visual Studio 14
VisualStudioVersion = 14.0.25123.0
MinimumVisualStudioVersion = 10.0.40219.1
Project("{FAE04EC0-301F-11D3-BF4B-00C04F79EFBC}") = "AutomataUI", "AutomataUI\AutomataUI.csproj", "{D7A116B8-0806-40D8-B002-F0A0969D3BA0}"
EndProject
Global
	GlobalSection(SolutionConfigurationPlatforms) = preSolution
		Debug|Any CPU = Debug|Any CPU
		Release|Any CPU = Release|Any CPU
	EndGlobalSection
	GlobalSection(ProjectConfigurationPlatforms) = postSolution
		{D7A116B8-0806-40D8-B002-F0A0969D3BA0}.Debug|Any CPU.ActiveCfg = Debug|Any CPU
		{D7A116B8-0806-40D8-B002-F0A0969D3BA0}.Debug|Any CPU.Build.0 = Debug|Any CPU
		{D7A116B8-0806-40D8-B002-F0A0969D3BA0}.Release|Any CPU.ActiveCfg = Release|Any CPU
		{D7A116B8-0806-40D8-B002-F0A0969D3BA0}.Release|Any CPU.Build.0 = Release|Any CPU
	EndGlobalSection
	GlobalSection(SolutionProperties) = preSolution
		HideSolutionNode = FALSE
	EndGlobalSection
EndGlobal
